// !$*UTF8*$!
{
	archiveVersion = 1;
	classes = {
	};
	objectVersion = 46;
	objects = {

/* Begin PBXBuildFile section */
		51A4D9CF1E49026D0021533F /* Main.storyboard in Resources */ = {isa = PBXBuildFile; fileRef = 51A4D9CD1E49026D0021533F /* Main.storyboard */; };
		51A4D9DE1E4905F20021533F /* DesignController.m in Sources */ = {isa = PBXBuildFile; fileRef = 51A4D9DD1E4905F20021533F /* DesignController.m */; };
		51A4D9E91E4914410021533F /* Translater.m in Sources */ = {isa = PBXBuildFile; fileRef = 51A4D9E81E4914410021533F /* Translater.m */; };
		51A4DA101E49FD9B0021533F /* Diamond copy.png in Resources */ = {isa = PBXBuildFile; fileRef = 51A4DA061E49FD9B0021533F /* Diamond copy.png */; };
		51A4DA111E49FD9B0021533F /* Ellipse 14.png in Resources */ = {isa = PBXBuildFile; fileRef = 51A4DA071E49FD9B0021533F /* Ellipse 14.png */; };
		51A4DA121E49FD9B0021533F /* Layer 60.png in Resources */ = {isa = PBXBuildFile; fileRef = 51A4DA081E49FD9B0021533F /* Layer 60.png */; };
		51A4DA131E49FD9B0021533F /* Layer 61.png in Resources */ = {isa = PBXBuildFile; fileRef = 51A4DA091E49FD9B0021533F /* Layer 61.png */; };
		51A4DA141E49FD9B0021533F /* Rectangle 3.png in Resources */ = {isa = PBXBuildFile; fileRef = 51A4DA0A1E49FD9B0021533F /* Rectangle 3.png */; };
		51A4DA151E49FD9B0021533F /* Rectangle 6 copy.png in Resources */ = {isa = PBXBuildFile; fileRef = 51A4DA0B1E49FD9B0021533F /* Rectangle 6 copy.png */; };
		51A4DA161E49FD9B0021533F /* Rectangle 24 copy.png in Resources */ = {isa = PBXBuildFile; fileRef = 51A4DA0C1E49FD9B0021533F /* Rectangle 24 copy.png */; };
		51A4DA171E49FD9B0021533F /* Rectangle 24.png in Resources */ = {isa = PBXBuildFile; fileRef = 51A4DA0D1E49FD9B0021533F /* Rectangle 24.png */; };
		51A4DA181E49FD9B0021533F /* Rounded Rectangle 12 copy 11.png in Resources */ = {isa = PBXBuildFile; fileRef = 51A4DA0E1E49FD9B0021533F /* Rounded Rectangle 12 copy 11.png */; };
		51A4DA191E49FD9B0021533F /* Rounded Rectangle 12 copy 12.png in Resources */ = {isa = PBXBuildFile; fileRef = 51A4DA0F1E49FD9B0021533F /* Rounded Rectangle 12 copy 12.png */; };
		51A4DB081E49FEF00021533F /* FLAnimatedImage.framework in Frameworks */ = {isa = PBXBuildFile; fileRef = 51A4DB041E49FEE60021533F /* FLAnimatedImage.framework */; };
		51DACB0B1E4866AF00B27D61 /* main.m in Sources */ = {isa = PBXBuildFile; fileRef = 51DACB0A1E4866AF00B27D61 /* main.m */; };
		51DACB0E1E4866AF00B27D61 /* AppDelegate.m in Sources */ = {isa = PBXBuildFile; fileRef = 51DACB0D1E4866AF00B27D61 /* AppDelegate.m */; };
		51DACB111E4866AF00B27D61 /* ViewController.m in Sources */ = {isa = PBXBuildFile; fileRef = 51DACB101E4866AF00B27D61 /* ViewController.m */; };
		51DACB161E4866AF00B27D61 /* Assets.xcassets in Resources */ = {isa = PBXBuildFile; fileRef = 51DACB151E4866AF00B27D61 /* Assets.xcassets */; };
		51DACB191E4866AF00B27D61 /* LaunchScreen.storyboard in Resources */ = {isa = PBXBuildFile; fileRef = 51DACB171E4866AF00B27D61 /* LaunchScreen.storyboard */; };
		51DACB2A1E48749A00B27D61 /* CollectionViewController.m in Sources */ = {isa = PBXBuildFile; fileRef = 51DACB291E48749A00B27D61 /* CollectionViewController.m */; };
		51DACB351E48766A00B27D61 /* 200w.gif in Resources */ = {isa = PBXBuildFile; fileRef = 51DACB2C1E48766A00B27D61 /* 200w.gif */; };
		51DACB361E48766A00B27D61 /* arnold.gif in Resources */ = {isa = PBXBuildFile; fileRef = 51DACB2D1E48766A00B27D61 /* arnold.gif */; };
		51DACB371E48766A00B27D61 /* ball.gif in Resources */ = {isa = PBXBuildFile; fileRef = 51DACB2E1E48766A00B27D61 /* ball.gif */; };
		51DACB381E48766A00B27D61 /* cat.gif in Resources */ = {isa = PBXBuildFile; fileRef = 51DACB2F1E48766A00B27D61 /* cat.gif */; };
		51DACB391E48766A00B27D61 /* catch.gif in Resources */ = {isa = PBXBuildFile; fileRef = 51DACB301E48766A00B27D61 /* catch.gif */; };
		51DACB3A1E48766A00B27D61 /* deadman.gif in Resources */ = {isa = PBXBuildFile; fileRef = 51DACB311E48766A00B27D61 /* deadman.gif */; };
		51DACB3B1E48766A00B27D61 /* elephant.gif in Resources */ = {isa = PBXBuildFile; fileRef = 51DACB321E48766A00B27D61 /* elephant.gif */; };
		51DACB3C1E48766A00B27D61 /* money.gif in Resources */ = {isa = PBXBuildFile; fileRef = 51DACB331E48766A00B27D61 /* money.gif */; };
		51DACB3D1E48766A00B27D61 /* skate.gif in Resources */ = {isa = PBXBuildFile; fileRef = 51DACB341E48766A00B27D61 /* skate.gif */; };
		51DACCF21E48B9AC00B27D61 /* Lato-Black.ttf in Resources */ = {isa = PBXBuildFile; fileRef = 51DACCE01E48B9AC00B27D61 /* Lato-Black.ttf */; };
		51DACCF31E48B9AC00B27D61 /* Lato-BlackItalic.ttf in Resources */ = {isa = PBXBuildFile; fileRef = 51DACCE11E48B9AC00B27D61 /* Lato-BlackItalic.ttf */; };
		51DACCF41E48B9AC00B27D61 /* Lato-Bold.ttf in Resources */ = {isa = PBXBuildFile; fileRef = 51DACCE21E48B9AC00B27D61 /* Lato-Bold.ttf */; };
		51DACCF51E48B9AC00B27D61 /* Lato-BoldItalic.ttf in Resources */ = {isa = PBXBuildFile; fileRef = 51DACCE31E48B9AC00B27D61 /* Lato-BoldItalic.ttf */; };
		51DACCF61E48B9AC00B27D61 /* Lato-Hairline.ttf in Resources */ = {isa = PBXBuildFile; fileRef = 51DACCE41E48B9AC00B27D61 /* Lato-Hairline.ttf */; };
		51DACCF71E48B9AC00B27D61 /* Lato-HairlineItalic.ttf in Resources */ = {isa = PBXBuildFile; fileRef = 51DACCE51E48B9AC00B27D61 /* Lato-HairlineItalic.ttf */; };
		51DACCF81E48B9AC00B27D61 /* Lato-Heavy.ttf in Resources */ = {isa = PBXBuildFile; fileRef = 51DACCE61E48B9AC00B27D61 /* Lato-Heavy.ttf */; };
		51DACCF91E48B9AC00B27D61 /* Lato-HeavyItalic.ttf in Resources */ = {isa = PBXBuildFile; fileRef = 51DACCE71E48B9AC00B27D61 /* Lato-HeavyItalic.ttf */; };
		51DACCFA1E48B9AC00B27D61 /* Lato-Italic.ttf in Resources */ = {isa = PBXBuildFile; fileRef = 51DACCE81E48B9AC00B27D61 /* Lato-Italic.ttf */; };
		51DACCFB1E48B9AC00B27D61 /* Lato-Light.ttf in Resources */ = {isa = PBXBuildFile; fileRef = 51DACCE91E48B9AC00B27D61 /* Lato-Light.ttf */; };
		51DACCFC1E48B9AC00B27D61 /* Lato-LightItalic.ttf in Resources */ = {isa = PBXBuildFile; fileRef = 51DACCEA1E48B9AC00B27D61 /* Lato-LightItalic.ttf */; };
		51DACCFD1E48B9AC00B27D61 /* Lato-Medium.ttf in Resources */ = {isa = PBXBuildFile; fileRef = 51DACCEB1E48B9AC00B27D61 /* Lato-Medium.ttf */; };
		51DACCFE1E48B9AC00B27D61 /* Lato-MediumItalic.ttf in Resources */ = {isa = PBXBuildFile; fileRef = 51DACCEC1E48B9AC00B27D61 /* Lato-MediumItalic.ttf */; };
		51DACCFF1E48B9AC00B27D61 /* Lato-Regular.ttf in Resources */ = {isa = PBXBuildFile; fileRef = 51DACCED1E48B9AC00B27D61 /* Lato-Regular.ttf */; };
		51DACD001E48B9AC00B27D61 /* Lato-Semibold.ttf in Resources */ = {isa = PBXBuildFile; fileRef = 51DACCEE1E48B9AC00B27D61 /* Lato-Semibold.ttf */; };
		51DACD011E48B9AC00B27D61 /* Lato-SemiboldItalic.ttf in Resources */ = {isa = PBXBuildFile; fileRef = 51DACCEF1E48B9AC00B27D61 /* Lato-SemiboldItalic.ttf */; };
		51DACD021E48B9AC00B27D61 /* Lato-Thin.ttf in Resources */ = {isa = PBXBuildFile; fileRef = 51DACCF01E48B9AC00B27D61 /* Lato-Thin.ttf */; };
		51DACD031E48B9AC00B27D61 /* Lato-ThinItalic.ttf in Resources */ = {isa = PBXBuildFile; fileRef = 51DACCF11E48B9AC00B27D61 /* Lato-ThinItalic.ttf */; };
		51DACD051E48C33500B27D61 /* Shape 30 copy 5.png in Resources */ = {isa = PBXBuildFile; fileRef = 51DACD041E48C33500B27D61 /* Shape 30 copy 5.png */; };
		51DACD121E48CC2B00B27D61 /* collection.jpeg in Resources */ = {isa = PBXBuildFile; fileRef = 51DACD0F1E48CC2B00B27D61 /* collection.jpeg */; };
		51DACD131E48CC2B00B27D61 /* design.png in Resources */ = {isa = PBXBuildFile; fileRef = 51DACD101E48CC2B00B27D61 /* design.png */; };
		51DACD141E48CC2B00B27D61 /* yandex.jpeg in Resources */ = {isa = PBXBuildFile; fileRef = 51DACD111E48CC2B00B27D61 /* yandex.jpeg */; };
/* End PBXBuildFile section */

/* Begin PBXContainerItemProxy section */
		51A4DB031E49FEE60021533F /* PBXContainerItemProxy */ = {
			isa = PBXContainerItemProxy;
			containerPortal = 51A4DADF1E49FEE60021533F /* FLAnimatedImage.xcodeproj */;
			proxyType = 2;
			remoteGlobalIDString = 92C9BC0C1B199DC500D79B06;
			remoteInfo = FLAnimatedImage;
		};
		51A4DB061E49FEE60021533F /* PBXContainerItemProxy */ = {
			isa = PBXContainerItemProxy;
			containerPortal = 51A4DAFA1E49FEE60021533F /* FLAnimatedImageDemo.xcodeproj */;
			proxyType = 2;
			remoteGlobalIDString = 872EBE6C178B825500B7531B;
			remoteInfo = FLAnimatedImageDemo;
		};
/* End PBXContainerItemProxy section */

/* Begin PBXFileReference section */
		51A4D9CE1E49026D0021533F /* Base */ = {isa = PBXFileReference; lastKnownFileType = file.storyboard; name = Base; path = SelectoTest/Base.lproj/Main.storyboard; sourceTree = SOURCE_ROOT; };
		51A4D9DC1E4905F20021533F /* DesignController.h */ = {isa = PBXFileReference; fileEncoding = 4; lastKnownFileType = sourcecode.c.h; path = DesignController.h; sourceTree = "<group>"; };
		51A4D9DD1E4905F20021533F /* DesignController.m */ = {isa = PBXFileReference; fileEncoding = 4; lastKnownFileType = sourcecode.c.objc; path = DesignController.m; sourceTree = "<group>"; };
		51A4D9E71E4914410021533F /* Translater.h */ = {isa = PBXFileReference; fileEncoding = 4; lastKnownFileType = sourcecode.c.h; name = Translater.h; path = SelectoTest/Translater.h; sourceTree = SOURCE_ROOT; };
		51A4D9E81E4914410021533F /* Translater.m */ = {isa = PBXFileReference; fileEncoding = 4; lastKnownFileType = sourcecode.c.objc; name = Translater.m; path = SelectoTest/Translater.m; sourceTree = SOURCE_ROOT; };
		51A4DA061E49FD9B0021533F /* Diamond copy.png */ = {isa = PBXFileReference; lastKnownFileType = image.png; path = "Diamond copy.png"; sourceTree = "<group>"; };
		51A4DA071E49FD9B0021533F /* Ellipse 14.png */ = {isa = PBXFileReference; lastKnownFileType = image.png; path = "Ellipse 14.png"; sourceTree = "<group>"; };
		51A4DA081E49FD9B0021533F /* Layer 60.png */ = {isa = PBXFileReference; lastKnownFileType = image.png; path = "Layer 60.png"; sourceTree = "<group>"; };
		51A4DA091E49FD9B0021533F /* Layer 61.png */ = {isa = PBXFileReference; lastKnownFileType = image.png; path = "Layer 61.png"; sourceTree = "<group>"; };
		51A4DA0A1E49FD9B0021533F /* Rectangle 3.png */ = {isa = PBXFileReference; lastKnownFileType = image.png; path = "Rectangle 3.png"; sourceTree = "<group>"; };
		51A4DA0B1E49FD9B0021533F /* Rectangle 6 copy.png */ = {isa = PBXFileReference; lastKnownFileType = image.png; path = "Rectangle 6 copy.png"; sourceTree = "<group>"; };
		51A4DA0C1E49FD9B0021533F /* Rectangle 24 copy.png */ = {isa = PBXFileReference; lastKnownFileType = image.png; path = "Rectangle 24 copy.png"; sourceTree = "<group>"; };
		51A4DA0D1E49FD9B0021533F /* Rectangle 24.png */ = {isa = PBXFileReference; lastKnownFileType = image.png; path = "Rectangle 24.png"; sourceTree = "<group>"; };
		51A4DA0E1E49FD9B0021533F /* Rounded Rectangle 12 copy 11.png */ = {isa = PBXFileReference; lastKnownFileType = image.png; path = "Rounded Rectangle 12 copy 11.png"; sourceTree = "<group>"; };
		51A4DA0F1E49FD9B0021533F /* Rounded Rectangle 12 copy 12.png */ = {isa = PBXFileReference; lastKnownFileType = image.png; path = "Rounded Rectangle 12 copy 12.png"; sourceTree = "<group>"; };
		51A4DAD61E49FEE60021533F /* .gitignore */ = {isa = PBXFileReference; lastKnownFileType = text; path = .gitignore; sourceTree = "<group>"; };
		51A4DAD71E49FEE60021533F /* CHANGES */ = {isa = PBXFileReference; lastKnownFileType = text; path = CHANGES; sourceTree = "<group>"; };
		51A4DAD91E49FEE60021533F /* FLAnimatedImage.h */ = {isa = PBXFileReference; lastKnownFileType = sourcecode.c.h; path = FLAnimatedImage.h; sourceTree = "<group>"; };
		51A4DADA1E49FEE60021533F /* FLAnimatedImage.m */ = {isa = PBXFileReference; lastKnownFileType = sourcecode.c.objc; path = FLAnimatedImage.m; sourceTree = "<group>"; };
		51A4DADB1E49FEE60021533F /* FLAnimatedImageView.h */ = {isa = PBXFileReference; lastKnownFileType = sourcecode.c.h; path = FLAnimatedImageView.h; sourceTree = "<group>"; };
		51A4DADC1E49FEE60021533F /* FLAnimatedImageView.m */ = {isa = PBXFileReference; lastKnownFileType = sourcecode.c.objc; path = FLAnimatedImageView.m; sourceTree = "<group>"; };
		51A4DADD1E49FEE60021533F /* Info.plist */ = {isa = PBXFileReference; lastKnownFileType = text.plist.xml; path = Info.plist; sourceTree = "<group>"; };
		51A4DADE1E49FEE60021533F /* FLAnimatedImage.podspec */ = {isa = PBXFileReference; lastKnownFileType = text; path = FLAnimatedImage.podspec; sourceTree = "<group>"; };
		51A4DADF1E49FEE60021533F /* FLAnimatedImage.xcodeproj */ = {isa = PBXFileReference; lastKnownFileType = "wrapper.pb-project"; path = FLAnimatedImage.xcodeproj; sourceTree = "<group>"; };
		51A4DAE21E49FEE60021533F /* FLAnimatedImage.xcworkspace */ = {isa = PBXFileReference; lastKnownFileType = wrapper.workspace; path = FLAnimatedImage.xcworkspace; sourceTree = "<group>"; };
		51A4DAE41E49FEE60021533F /* AppDelegate.h */ = {isa = PBXFileReference; lastKnownFileType = sourcecode.c.h; path = AppDelegate.h; sourceTree = "<group>"; };
		51A4DAE51E49FEE60021533F /* AppDelegate.m */ = {isa = PBXFileReference; lastKnownFileType = sourcecode.c.objc; path = AppDelegate.m; sourceTree = "<group>"; };
		51A4DAE61E49FEE60021533F /* DebugView.h */ = {isa = PBXFileReference; lastKnownFileType = sourcecode.c.h; path = DebugView.h; sourceTree = "<group>"; };
		51A4DAE71E49FEE60021533F /* DebugView.m */ = {isa = PBXFileReference; lastKnownFileType = sourcecode.c.objc; path = DebugView.m; sourceTree = "<group>"; };
		51A4DAE91E49FEE60021533F /* en */ = {isa = PBXFileReference; lastKnownFileType = text.plist.strings; name = en; path = en.lproj/InfoPlist.strings; sourceTree = "<group>"; };
		51A4DAEA1E49FEE60021533F /* FLAnimatedImageDemo-Info.plist */ = {isa = PBXFileReference; lastKnownFileType = text.plist.xml; path = "FLAnimatedImageDemo-Info.plist"; sourceTree = "<group>"; };
		51A4DAEB1E49FEE60021533F /* FLAnimatedImageDemo-Prefix.pch */ = {isa = PBXFileReference; lastKnownFileType = sourcecode.c.h; path = "FLAnimatedImageDemo-Prefix.pch"; sourceTree = "<group>"; };
		51A4DAEC1E49FEE60021533F /* FrameCacheView.h */ = {isa = PBXFileReference; lastKnownFileType = sourcecode.c.h; path = FrameCacheView.h; sourceTree = "<group>"; };
		51A4DAED1E49FEE60021533F /* FrameCacheView.m */ = {isa = PBXFileReference; lastKnownFileType = sourcecode.c.objc; path = FrameCacheView.m; sourceTree = "<group>"; };
		51A4DAEE1E49FEE60021533F /* GraphView.h */ = {isa = PBXFileReference; lastKnownFileType = sourcecode.c.h; path = GraphView.h; sourceTree = "<group>"; };
		51A4DAEF1E49FEE60021533F /* GraphView.m */ = {isa = PBXFileReference; lastKnownFileType = sourcecode.c.objc; path = GraphView.m; sourceTree = "<group>"; };
		51A4DAF01E49FEE60021533F /* Images.xcassets */ = {isa = PBXFileReference; lastKnownFileType = folder.assetcatalog; path = Images.xcassets; sourceTree = "<group>"; };
		51A4DAF11E49FEE60021533F /* main.m */ = {isa = PBXFileReference; lastKnownFileType = sourcecode.c.objc; path = main.m; sourceTree = "<group>"; };
		51A4DAF21E49FEE60021533F /* PlayheadView.h */ = {isa = PBXFileReference; lastKnownFileType = sourcecode.c.h; path = PlayheadView.h; sourceTree = "<group>"; };
		51A4DAF31E49FEE60021533F /* PlayheadView.m */ = {isa = PBXFileReference; lastKnownFileType = sourcecode.c.objc; path = PlayheadView.m; sourceTree = "<group>"; };
		51A4DAF41E49FEE60021533F /* RootViewController.h */ = {isa = PBXFileReference; lastKnownFileType = sourcecode.c.h; path = RootViewController.h; sourceTree = "<group>"; };
		51A4DAF51E49FEE60021533F /* RootViewController.m */ = {isa = PBXFileReference; lastKnownFileType = sourcecode.c.objc; path = RootViewController.m; sourceTree = "<group>"; };
		51A4DAF61E49FEE60021533F /* RSPlayPauseButton.h */ = {isa = PBXFileReference; lastKnownFileType = sourcecode.c.h; path = RSPlayPauseButton.h; sourceTree = "<group>"; };
		51A4DAF71E49FEE60021533F /* RSPlayPauseButton.m */ = {isa = PBXFileReference; lastKnownFileType = sourcecode.c.objc; path = RSPlayPauseButton.m; sourceTree = "<group>"; };
		51A4DAF91E49FEE60021533F /* rock.gif */ = {isa = PBXFileReference; lastKnownFileType = image.gif; path = rock.gif; sourceTree = "<group>"; };
		51A4DAFA1E49FEE60021533F /* FLAnimatedImageDemo.xcodeproj */ = {isa = PBXFileReference; lastKnownFileType = "wrapper.pb-project"; path = FLAnimatedImageDemo.xcodeproj; sourceTree = "<group>"; };
		51A4DAFF1E49FEE60021533F /* flanimatedimage-demo-player.gif */ = {isa = PBXFileReference; lastKnownFileType = image.gif; path = "flanimatedimage-demo-player.gif"; sourceTree = "<group>"; };
		51A4DB001E49FEE60021533F /* LICENSE */ = {isa = PBXFileReference; lastKnownFileType = text; path = LICENSE; sourceTree = "<group>"; };
		51A4DB011E49FEE60021533F /* README.md */ = {isa = PBXFileReference; lastKnownFileType = net.daringfireball.markdown; path = README.md; sourceTree = "<group>"; };
		51DACB061E4866AF00B27D61 /* SelectoTest.app */ = {isa = PBXFileReference; explicitFileType = wrapper.application; includeInIndex = 0; path = SelectoTest.app; sourceTree = BUILT_PRODUCTS_DIR; };
		51DACB0A1E4866AF00B27D61 /* main.m */ = {isa = PBXFileReference; lastKnownFileType = sourcecode.c.objc; path = main.m; sourceTree = "<group>"; };
		51DACB0C1E4866AF00B27D61 /* AppDelegate.h */ = {isa = PBXFileReference; lastKnownFileType = sourcecode.c.h; path = AppDelegate.h; sourceTree = "<group>"; };
		51DACB0D1E4866AF00B27D61 /* AppDelegate.m */ = {isa = PBXFileReference; lastKnownFileType = sourcecode.c.objc; path = AppDelegate.m; sourceTree = "<group>"; };
		51DACB0F1E4866AF00B27D61 /* ViewController.h */ = {isa = PBXFileReference; lastKnownFileType = sourcecode.c.h; path = ViewController.h; sourceTree = "<group>"; };
		51DACB101E4866AF00B27D61 /* ViewController.m */ = {isa = PBXFileReference; lastKnownFileType = sourcecode.c.objc; path = ViewController.m; sourceTree = "<group>"; };
		51DACB151E4866AF00B27D61 /* Assets.xcassets */ = {isa = PBXFileReference; lastKnownFileType = folder.assetcatalog; path = Assets.xcassets; sourceTree = "<group>"; };
		51DACB181E4866AF00B27D61 /* Base */ = {isa = PBXFileReference; lastKnownFileType = file.storyboard; name = Base; path = Base.lproj/LaunchScreen.storyboard; sourceTree = "<group>"; };
		51DACB1A1E4866AF00B27D61 /* Info.plist */ = {isa = PBXFileReference; lastKnownFileType = text.plist.xml; path = Info.plist; sourceTree = "<group>"; };
		51DACB281E48749A00B27D61 /* CollectionViewController.h */ = {isa = PBXFileReference; fileEncoding = 4; lastKnownFileType = sourcecode.c.h; path = CollectionViewController.h; sourceTree = "<group>"; };
		51DACB291E48749A00B27D61 /* CollectionViewController.m */ = {isa = PBXFileReference; fileEncoding = 4; lastKnownFileType = sourcecode.c.objc; path = CollectionViewController.m; sourceTree = "<group>"; };
		51DACB2C1E48766A00B27D61 /* 200w.gif */ = {isa = PBXFileReference; lastKnownFileType = image.gif; path = 200w.gif; sourceTree = "<group>"; };
		51DACB2D1E48766A00B27D61 /* arnold.gif */ = {isa = PBXFileReference; lastKnownFileType = image.gif; path = arnold.gif; sourceTree = "<group>"; };
		51DACB2E1E48766A00B27D61 /* ball.gif */ = {isa = PBXFileReference; lastKnownFileType = image.gif; path = ball.gif; sourceTree = "<group>"; };
		51DACB2F1E48766A00B27D61 /* cat.gif */ = {isa = PBXFileReference; lastKnownFileType = image.gif; path = cat.gif; sourceTree = "<group>"; };
		51DACB301E48766A00B27D61 /* catch.gif */ = {isa = PBXFileReference; lastKnownFileType = image.gif; path = catch.gif; sourceTree = "<group>"; };
		51DACB311E48766A00B27D61 /* deadman.gif */ = {isa = PBXFileReference; lastKnownFileType = image.gif; path = deadman.gif; sourceTree = "<group>"; };
		51DACB321E48766A00B27D61 /* elephant.gif */ = {isa = PBXFileReference; lastKnownFileType = image.gif; path = elephant.gif; sourceTree = "<group>"; };
		51DACB331E48766A00B27D61 /* money.gif */ = {isa = PBXFileReference; lastKnownFileType = image.gif; path = money.gif; sourceTree = "<group>"; };
		51DACB341E48766A00B27D61 /* skate.gif */ = {isa = PBXFileReference; lastKnownFileType = image.gif; path = skate.gif; sourceTree = "<group>"; };
		51DACCE01E48B9AC00B27D61 /* Lato-Black.ttf */ = {isa = PBXFileReference; lastKnownFileType = file; path = "Lato-Black.ttf"; sourceTree = "<group>"; };
		51DACCE11E48B9AC00B27D61 /* Lato-BlackItalic.ttf */ = {isa = PBXFileReference; lastKnownFileType = file; path = "Lato-BlackItalic.ttf"; sourceTree = "<group>"; };
		51DACCE21E48B9AC00B27D61 /* Lato-Bold.ttf */ = {isa = PBXFileReference; lastKnownFileType = file; path = "Lato-Bold.ttf"; sourceTree = "<group>"; };
		51DACCE31E48B9AC00B27D61 /* Lato-BoldItalic.ttf */ = {isa = PBXFileReference; lastKnownFileType = file; path = "Lato-BoldItalic.ttf"; sourceTree = "<group>"; };
		51DACCE41E48B9AC00B27D61 /* Lato-Hairline.ttf */ = {isa = PBXFileReference; lastKnownFileType = file; path = "Lato-Hairline.ttf"; sourceTree = "<group>"; };
		51DACCE51E48B9AC00B27D61 /* Lato-HairlineItalic.ttf */ = {isa = PBXFileReference; lastKnownFileType = file; path = "Lato-HairlineItalic.ttf"; sourceTree = "<group>"; };
		51DACCE61E48B9AC00B27D61 /* Lato-Heavy.ttf */ = {isa = PBXFileReference; lastKnownFileType = file; path = "Lato-Heavy.ttf"; sourceTree = "<group>"; };
		51DACCE71E48B9AC00B27D61 /* Lato-HeavyItalic.ttf */ = {isa = PBXFileReference; lastKnownFileType = file; path = "Lato-HeavyItalic.ttf"; sourceTree = "<group>"; };
		51DACCE81E48B9AC00B27D61 /* Lato-Italic.ttf */ = {isa = PBXFileReference; lastKnownFileType = file; path = "Lato-Italic.ttf"; sourceTree = "<group>"; };
		51DACCE91E48B9AC00B27D61 /* Lato-Light.ttf */ = {isa = PBXFileReference; lastKnownFileType = file; path = "Lato-Light.ttf"; sourceTree = "<group>"; };
		51DACCEA1E48B9AC00B27D61 /* Lato-LightItalic.ttf */ = {isa = PBXFileReference; lastKnownFileType = file; path = "Lato-LightItalic.ttf"; sourceTree = "<group>"; };
		51DACCEB1E48B9AC00B27D61 /* Lato-Medium.ttf */ = {isa = PBXFileReference; lastKnownFileType = file; path = "Lato-Medium.ttf"; sourceTree = "<group>"; };
		51DACCEC1E48B9AC00B27D61 /* Lato-MediumItalic.ttf */ = {isa = PBXFileReference; lastKnownFileType = file; path = "Lato-MediumItalic.ttf"; sourceTree = "<group>"; };
		51DACCED1E48B9AC00B27D61 /* Lato-Regular.ttf */ = {isa = PBXFileReference; lastKnownFileType = file; path = "Lato-Regular.ttf"; sourceTree = "<group>"; };
		51DACCEE1E48B9AC00B27D61 /* Lato-Semibold.ttf */ = {isa = PBXFileReference; lastKnownFileType = file; path = "Lato-Semibold.ttf"; sourceTree = "<group>"; };
		51DACCEF1E48B9AC00B27D61 /* Lato-SemiboldItalic.ttf */ = {isa = PBXFileReference; lastKnownFileType = file; path = "Lato-SemiboldItalic.ttf"; sourceTree = "<group>"; };
		51DACCF01E48B9AC00B27D61 /* Lato-Thin.ttf */ = {isa = PBXFileReference; lastKnownFileType = file; path = "Lato-Thin.ttf"; sourceTree = "<group>"; };
		51DACCF11E48B9AC00B27D61 /* Lato-ThinItalic.ttf */ = {isa = PBXFileReference; lastKnownFileType = file; path = "Lato-ThinItalic.ttf"; sourceTree = "<group>"; };
		51DACD041E48C33500B27D61 /* Shape 30 copy 5.png */ = {isa = PBXFileReference; lastKnownFileType = image.png; path = "Shape 30 copy 5.png"; sourceTree = "<group>"; };
		51DACD0F1E48CC2B00B27D61 /* collection.jpeg */ = {isa = PBXFileReference; lastKnownFileType = image.jpeg; path = collection.jpeg; sourceTree = "<group>"; };
		51DACD101E48CC2B00B27D61 /* design.png */ = {isa = PBXFileReference; lastKnownFileType = image.png; path = design.png; sourceTree = "<group>"; };
		51DACD111E48CC2B00B27D61 /* yandex.jpeg */ = {isa = PBXFileReference; lastKnownFileType = image.jpeg; path = yandex.jpeg; sourceTree = "<group>"; };
/* End PBXFileReference section */

/* Begin PBXFrameworksBuildPhase section */
		51DACB031E4866AF00B27D61 /* Frameworks */ = {
			isa = PBXFrameworksBuildPhase;
			buildActionMask = 2147483647;
			files = (
				51A4DB081E49FEF00021533F /* FLAnimatedImage.framework in Frameworks */,
			);
			runOnlyForDeploymentPostprocessing = 0;
		};
/* End PBXFrameworksBuildPhase section */

/* Begin PBXGroup section */
		51A4D9D71E4903BD0021533F /* Models */ = {
			isa = PBXGroup;
			children = (
				51A4D9E71E4914410021533F /* Translater.h */,
				51A4D9E81E4914410021533F /* Translater.m */,
			);
			name = Models;
			path = "../../../../../../Volumes/NO NAME/Translator-master/translater";
			sourceTree = "<group>";
		};
		51A4DAD51E49FEE60021533F /* FLAnimatedImage-master */ = {
			isa = PBXGroup;
			children = (
				51A4DAD61E49FEE60021533F /* .gitignore */,
				51A4DAD71E49FEE60021533F /* CHANGES */,
				51A4DAD81E49FEE60021533F /* FLAnimatedImage */,
				51A4DADE1E49FEE60021533F /* FLAnimatedImage.podspec */,
				51A4DADF1E49FEE60021533F /* FLAnimatedImage.xcodeproj */,
				51A4DAE21E49FEE60021533F /* FLAnimatedImage.xcworkspace */,
				51A4DAE31E49FEE60021533F /* FLAnimatedImageDemo */,
				51A4DAFA1E49FEE60021533F /* FLAnimatedImageDemo.xcodeproj */,
				51A4DAFE1E49FEE60021533F /* images */,
				51A4DB001E49FEE60021533F /* LICENSE */,
				51A4DB011E49FEE60021533F /* README.md */,
			);
			name = "FLAnimatedImage-master";
			path = "SelectoTest/FLAnimatedImage-master";
			sourceTree = "<group>";
		};
		51A4DAD81E49FEE60021533F /* FLAnimatedImage */ = {
			isa = PBXGroup;
			children = (
				51A4DAD91E49FEE60021533F /* FLAnimatedImage.h */,
				51A4DADA1E49FEE60021533F /* FLAnimatedImage.m */,
				51A4DADB1E49FEE60021533F /* FLAnimatedImageView.h */,
				51A4DADC1E49FEE60021533F /* FLAnimatedImageView.m */,
				51A4DADD1E49FEE60021533F /* Info.plist */,
			);
			path = FLAnimatedImage;
			sourceTree = "<group>";
		};
		51A4DAE01E49FEE60021533F /* Products */ = {
			isa = PBXGroup;
			children = (
				51A4DB041E49FEE60021533F /* FLAnimatedImage.framework */,
			);
			name = Products;
			sourceTree = "<group>";
		};
		51A4DAE31E49FEE60021533F /* FLAnimatedImageDemo */ = {
			isa = PBXGroup;
			children = (
				51A4DAE41E49FEE60021533F /* AppDelegate.h */,
				51A4DAE51E49FEE60021533F /* AppDelegate.m */,
				51A4DAE61E49FEE60021533F /* DebugView.h */,
				51A4DAE71E49FEE60021533F /* DebugView.m */,
				51A4DAE81E49FEE60021533F /* InfoPlist.strings */,
				51A4DAEA1E49FEE60021533F /* FLAnimatedImageDemo-Info.plist */,
				51A4DAEB1E49FEE60021533F /* FLAnimatedImageDemo-Prefix.pch */,
				51A4DAEC1E49FEE60021533F /* FrameCacheView.h */,
				51A4DAED1E49FEE60021533F /* FrameCacheView.m */,
				51A4DAEE1E49FEE60021533F /* GraphView.h */,
				51A4DAEF1E49FEE60021533F /* GraphView.m */,
				51A4DAF01E49FEE60021533F /* Images.xcassets */,
				51A4DAF11E49FEE60021533F /* main.m */,
				51A4DAF21E49FEE60021533F /* PlayheadView.h */,
				51A4DAF31E49FEE60021533F /* PlayheadView.m */,
				51A4DAF41E49FEE60021533F /* RootViewController.h */,
				51A4DAF51E49FEE60021533F /* RootViewController.m */,
				51A4DAF61E49FEE60021533F /* RSPlayPauseButton.h */,
				51A4DAF71E49FEE60021533F /* RSPlayPauseButton.m */,
				51A4DAF81E49FEE60021533F /* test-gifs */,
			);
			path = FLAnimatedImageDemo;
			sourceTree = "<group>";
		};
		51A4DAF81E49FEE60021533F /* test-gifs */ = {
			isa = PBXGroup;
			children = (
				51A4DAF91E49FEE60021533F /* rock.gif */,
			);
			path = "test-gifs";
			sourceTree = "<group>";
		};
		51A4DAFB1E49FEE60021533F /* Products */ = {
			isa = PBXGroup;
			children = (
				51A4DB071E49FEE60021533F /* FLAnimatedImageDemo.app */,
			);
			name = Products;
			sourceTree = "<group>";
		};
		51A4DAFE1E49FEE60021533F /* images */ = {
			isa = PBXGroup;
			children = (
				51A4DAFF1E49FEE60021533F /* flanimatedimage-demo-player.gif */,
			);
			path = images;
			sourceTree = "<group>";
		};
		51DACAFD1E4866AF00B27D61 = {
			isa = PBXGroup;
			children = (
				51DACB081E4866AF00B27D61 /* SelectoTest */,
				51DACB071E4866AF00B27D61 /* Products */,
				51DACB3E1E487DED00B27D61 /* Frameworks */,
			);
			sourceTree = "<group>";
		};
		51DACB071E4866AF00B27D61 /* Products */ = {
			isa = PBXGroup;
			children = (
				51DACB061E4866AF00B27D61 /* SelectoTest.app */,
			);
			name = Products;
			sourceTree = "<group>";
		};
		51DACB081E4866AF00B27D61 /* SelectoTest */ = {
			isa = PBXGroup;
			children = (
				51DACB0C1E4866AF00B27D61 /* AppDelegate.h */,
				51DACB0D1E4866AF00B27D61 /* AppDelegate.m */,
				51DACB0F1E4866AF00B27D61 /* ViewController.h */,
				51DACB101E4866AF00B27D61 /* ViewController.m */,
				51DACB281E48749A00B27D61 /* CollectionViewController.h */,
				51DACB291E48749A00B27D61 /* CollectionViewController.m */,
				51A4D9DC1E4905F20021533F /* DesignController.h */,
				51A4D9DD1E4905F20021533F /* DesignController.m */,
				51A4D9CD1E49026D0021533F /* Main.storyboard */,
				51A4D9D71E4903BD0021533F /* Models */,
				51DACB151E4866AF00B27D61 /* Assets.xcassets */,
				51DACB171E4866AF00B27D61 /* LaunchScreen.storyboard */,
				51DACB1A1E4866AF00B27D61 /* Info.plist */,
				51DACCDF1E48B9AC00B27D61 /* Lato2OFL */,
				51DACB2B1E48766A00B27D61 /* Images */,
				51DACB091E4866AF00B27D61 /* Supporting Files */,
			);
			path = SelectoTest;
			sourceTree = "<group>";
		};
		51DACB091E4866AF00B27D61 /* Supporting Files */ = {
			isa = PBXGroup;
			children = (
				51DACB0A1E4866AF00B27D61 /* main.m */,
			);
			name = "Supporting Files";
			sourceTree = "<group>";
		};
		51DACB2B1E48766A00B27D61 /* Images */ = {
			isa = PBXGroup;
			children = (
				51DACC371E48A95F00B27D61 /* Design */,
				51DACB2C1E48766A00B27D61 /* 200w.gif */,
				51DACB2D1E48766A00B27D61 /* arnold.gif */,
				51DACB2E1E48766A00B27D61 /* ball.gif */,
				51DACB2F1E48766A00B27D61 /* cat.gif */,
				51DACB301E48766A00B27D61 /* catch.gif */,
				51DACB311E48766A00B27D61 /* deadman.gif */,
				51DACB321E48766A00B27D61 /* elephant.gif */,
				51DACB331E48766A00B27D61 /* money.gif */,
				51DACB341E48766A00B27D61 /* skate.gif */,
				51DACD0F1E48CC2B00B27D61 /* collection.jpeg */,
				51DACD101E48CC2B00B27D61 /* design.png */,
				51DACD111E48CC2B00B27D61 /* yandex.jpeg */,
			);
			path = Images;
			sourceTree = "<group>";
		};
		51DACB3E1E487DED00B27D61 /* Frameworks */ = {
			isa = PBXGroup;
			children = (
				51A4DAD51E49FEE60021533F /* FLAnimatedImage-master */,
			);
			name = Frameworks;
			sourceTree = "<group>";
		};
		51DACC371E48A95F00B27D61 /* Design */ = {
			isa = PBXGroup;
			children = (
				51DACD041E48C33500B27D61 /* Shape 30 copy 5.png */,
				51A4DA061E49FD9B0021533F /* Diamond copy.png */,
				51A4DA071E49FD9B0021533F /* Ellipse 14.png */,
				51A4DA081E49FD9B0021533F /* Layer 60.png */,
				51A4DA091E49FD9B0021533F /* Layer 61.png */,
				51A4DA0A1E49FD9B0021533F /* Rectangle 3.png */,
				51A4DA0B1E49FD9B0021533F /* Rectangle 6 copy.png */,
				51A4DA0C1E49FD9B0021533F /* Rectangle 24 copy.png */,
				51A4DA0D1E49FD9B0021533F /* Rectangle 24.png */,
				51A4DA0E1E49FD9B0021533F /* Rounded Rectangle 12 copy 11.png */,
				51A4DA0F1E49FD9B0021533F /* Rounded Rectangle 12 copy 12.png */,
			);
			path = Design;
			sourceTree = "<group>";
		};
		51DACCDF1E48B9AC00B27D61 /* Lato2OFL */ = {
			isa = PBXGroup;
			children = (
				51DACCE01E48B9AC00B27D61 /* Lato-Black.ttf */,
				51DACCE11E48B9AC00B27D61 /* Lato-BlackItalic.ttf */,
				51DACCE21E48B9AC00B27D61 /* Lato-Bold.ttf */,
				51DACCE31E48B9AC00B27D61 /* Lato-BoldItalic.ttf */,
				51DACCE41E48B9AC00B27D61 /* Lato-Hairline.ttf */,
				51DACCE51E48B9AC00B27D61 /* Lato-HairlineItalic.ttf */,
				51DACCE61E48B9AC00B27D61 /* Lato-Heavy.ttf */,
				51DACCE71E48B9AC00B27D61 /* Lato-HeavyItalic.ttf */,
				51DACCE81E48B9AC00B27D61 /* Lato-Italic.ttf */,
				51DACCE91E48B9AC00B27D61 /* Lato-Light.ttf */,
				51DACCEA1E48B9AC00B27D61 /* Lato-LightItalic.ttf */,
				51DACCEB1E48B9AC00B27D61 /* Lato-Medium.ttf */,
				51DACCEC1E48B9AC00B27D61 /* Lato-MediumItalic.ttf */,
				51DACCED1E48B9AC00B27D61 /* Lato-Regular.ttf */,
				51DACCEE1E48B9AC00B27D61 /* Lato-Semibold.ttf */,
				51DACCEF1E48B9AC00B27D61 /* Lato-SemiboldItalic.ttf */,
				51DACCF01E48B9AC00B27D61 /* Lato-Thin.ttf */,
				51DACCF11E48B9AC00B27D61 /* Lato-ThinItalic.ttf */,
			);
			path = Lato2OFL;
			sourceTree = "<group>";
		};
/* End PBXGroup section */

/* Begin PBXNativeTarget section */
		51DACB051E4866AF00B27D61 /* SelectoTest */ = {
			isa = PBXNativeTarget;
			buildConfigurationList = 51DACB1D1E4866AF00B27D61 /* Build configuration list for PBXNativeTarget "SelectoTest" */;
			buildPhases = (
				51DACB021E4866AF00B27D61 /* Sources */,
				51DACB031E4866AF00B27D61 /* Frameworks */,
				51DACB041E4866AF00B27D61 /* Resources */,
			);
			buildRules = (
			);
			dependencies = (
			);
			name = SelectoTest;
			productName = SelectoTest;
			productReference = 51DACB061E4866AF00B27D61 /* SelectoTest.app */;
			productType = "com.apple.product-type.application";
		};
/* End PBXNativeTarget section */

/* Begin PBXProject section */
		51DACAFE1E4866AF00B27D61 /* Project object */ = {
			isa = PBXProject;
			attributes = {
				LastUpgradeCheck = 0810;
				ORGANIZATIONNAME = "Roma Osiychuk";
				TargetAttributes = {
					51DACB051E4866AF00B27D61 = {
						CreatedOnToolsVersion = 8.1;
						ProvisioningStyle = Automatic;
					};
				};
			};
			buildConfigurationList = 51DACB011E4866AF00B27D61 /* Build configuration list for PBXProject "SelectoTest" */;
			compatibilityVersion = "Xcode 3.2";
			developmentRegion = English;
			hasScannedForEncodings = 0;
			knownRegions = (
				en,
				Base,
			);
			mainGroup = 51DACAFD1E4866AF00B27D61;
			productRefGroup = 51DACB071E4866AF00B27D61 /* Products */;
			projectDirPath = "";
			projectReferences = (
				{
					ProductGroup = 51A4DAE01E49FEE60021533F /* Products */;
					ProjectRef = 51A4DADF1E49FEE60021533F /* FLAnimatedImage.xcodeproj */;
				},
				{
					ProductGroup = 51A4DAFB1E49FEE60021533F /* Products */;
					ProjectRef = 51A4DAFA1E49FEE60021533F /* FLAnimatedImageDemo.xcodeproj */;
				},
			);
			projectRoot = "";
			targets = (
				51DACB051E4866AF00B27D61 /* SelectoTest */,
			);
		};
/* End PBXProject section */

/* Begin PBXReferenceProxy section */
		51A4DB041E49FEE60021533F /* FLAnimatedImage.framework */ = {
			isa = PBXReferenceProxy;
			fileType = wrapper.framework;
			path = FLAnimatedImage.framework;
			remoteRef = 51A4DB031E49FEE60021533F /* PBXContainerItemProxy */;
			sourceTree = BUILT_PRODUCTS_DIR;
		};
		51A4DB071E49FEE60021533F /* FLAnimatedImageDemo.app */ = {
			isa = PBXReferenceProxy;
			fileType = wrapper.application;
			path = FLAnimatedImageDemo.app;
			remoteRef = 51A4DB061E49FEE60021533F /* PBXContainerItemProxy */;
			sourceTree = BUILT_PRODUCTS_DIR;
		};
/* End PBXReferenceProxy section */

/* Begin PBXResourcesBuildPhase section */
		51DACB041E4866AF00B27D61 /* Resources */ = {
			isa = PBXResourcesBuildPhase;
			buildActionMask = 2147483647;
			files = (
				51A4DA111E49FD9B0021533F /* Ellipse 14.png in Resources */,
				51DACCFA1E48B9AC00B27D61 /* Lato-Italic.ttf in Resources */,
				51DACB391E48766A00B27D61 /* catch.gif in Resources */,
				51DACB3D1E48766A00B27D61 /* skate.gif in Resources */,
				51DACCFE1E48B9AC00B27D61 /* Lato-MediumItalic.ttf in Resources */,
				51A4DA151E49FD9B0021533F /* Rectangle 6 copy.png in Resources */,
				51A4DA121E49FD9B0021533F /* Layer 60.png in Resources */,
				51DACCF81E48B9AC00B27D61 /* Lato-Heavy.ttf in Resources */,
				51DACD141E48CC2B00B27D61 /* yandex.jpeg in Resources */,
				51DACCF61E48B9AC00B27D61 /* Lato-Hairline.ttf in Resources */,
				51DACD051E48C33500B27D61 /* Shape 30 copy 5.png in Resources */,
				51DACB191E4866AF00B27D61 /* LaunchScreen.storyboard in Resources */,
				51DACCF91E48B9AC00B27D61 /* Lato-HeavyItalic.ttf in Resources */,
				51DACCF31E48B9AC00B27D61 /* Lato-BlackItalic.ttf in Resources */,
				51A4DA131E49FD9B0021533F /* Layer 61.png in Resources */,
				51DACB381E48766A00B27D61 /* cat.gif in Resources */,
				51DACCF41E48B9AC00B27D61 /* Lato-Bold.ttf in Resources */,
				51DACB3A1E48766A00B27D61 /* deadman.gif in Resources */,
				51DACCF21E48B9AC00B27D61 /* Lato-Black.ttf in Resources */,
				51A4DA181E49FD9B0021533F /* Rounded Rectangle 12 copy 11.png in Resources */,
				51DACB371E48766A00B27D61 /* ball.gif in Resources */,
				51DACB361E48766A00B27D61 /* arnold.gif in Resources */,
				51DACD121E48CC2B00B27D61 /* collection.jpeg in Resources */,
				51DACCF71E48B9AC00B27D61 /* Lato-HairlineItalic.ttf in Resources */,
				51DACCFC1E48B9AC00B27D61 /* Lato-LightItalic.ttf in Resources */,
				51DACB351E48766A00B27D61 /* 200w.gif in Resources */,
				51DACD021E48B9AC00B27D61 /* Lato-Thin.ttf in Resources */,
				51A4DA101E49FD9B0021533F /* Diamond copy.png in Resources */,
				51DACD011E48B9AC00B27D61 /* Lato-SemiboldItalic.ttf in Resources */,
				51A4DA141E49FD9B0021533F /* Rectangle 3.png in Resources */,
				51A4D9CF1E49026D0021533F /* Main.storyboard in Resources */,
				51DACB3B1E48766A00B27D61 /* elephant.gif in Resources */,
				51DACD001E48B9AC00B27D61 /* Lato-Semibold.ttf in Resources */,
				51DACB161E4866AF00B27D61 /* Assets.xcassets in Resources */,
				51A4DA161E49FD9B0021533F /* Rectangle 24 copy.png in Resources */,
				51DACD131E48CC2B00B27D61 /* design.png in Resources */,
				51DACB3C1E48766A00B27D61 /* money.gif in Resources */,
				51A4DA171E49FD9B0021533F /* Rectangle 24.png in Resources */,
				51DACCFD1E48B9AC00B27D61 /* Lato-Medium.ttf in Resources */,
				51DACCFF1E48B9AC00B27D61 /* Lato-Regular.ttf in Resources */,
				51A4DA191E49FD9B0021533F /* Rounded Rectangle 12 copy 12.png in Resources */,
				51DACD031E48B9AC00B27D61 /* Lato-ThinItalic.ttf in Resources */,
				51DACCF51E48B9AC00B27D61 /* Lato-BoldItalic.ttf in Resources */,
				51DACCFB1E48B9AC00B27D61 /* Lato-Light.ttf in Resources */,
			);
			runOnlyForDeploymentPostprocessing = 0;
		};
/* End PBXResourcesBuildPhase section */

/* Begin PBXSourcesBuildPhase section */
		51DACB021E4866AF00B27D61 /* Sources */ = {
			isa = PBXSourcesBuildPhase;
			buildActionMask = 2147483647;
			files = (
				51A4D9DE1E4905F20021533F /* DesignController.m in Sources */,
				51A4D9E91E4914410021533F /* Translater.m in Sources */,
				51DACB111E4866AF00B27D61 /* ViewController.m in Sources */,
				51DACB0E1E4866AF00B27D61 /* AppDelegate.m in Sources */,
				51DACB0B1E4866AF00B27D61 /* main.m in Sources */,
				51DACB2A1E48749A00B27D61 /* CollectionViewController.m in Sources */,
			);
			runOnlyForDeploymentPostprocessing = 0;
		};
/* End PBXSourcesBuildPhase section */

/* Begin PBXVariantGroup section */
		51A4D9CD1E49026D0021533F /* Main.storyboard */ = {
			isa = PBXVariantGroup;
			children = (
				51A4D9CE1E49026D0021533F /* Base */,
			);
			name = Main.storyboard;
			path = "/Volumes/NO NAME/Translator-master/translater";
			sourceTree = "<absolute>";
		};
		51A4DAE81E49FEE60021533F /* InfoPlist.strings */ = {
			isa = PBXVariantGroup;
			children = (
				51A4DAE91E49FEE60021533F /* en */,
			);
			name = InfoPlist.strings;
			sourceTree = "<group>";
		};
		51DACB171E4866AF00B27D61 /* LaunchScreen.storyboard */ = {
			isa = PBXVariantGroup;
			children = (
				51DACB181E4866AF00B27D61 /* Base */,
			);
			name = LaunchScreen.storyboard;
			sourceTree = "<group>";
		};
/* End PBXVariantGroup section */

/* Begin XCBuildConfiguration section */
		51DACB1B1E4866AF00B27D61 /* Debug */ = {
			isa = XCBuildConfiguration;
			buildSettings = {
				ALWAYS_SEARCH_USER_PATHS = NO;
				CLANG_ANALYZER_NONNULL = YES;
				CLANG_CXX_LANGUAGE_STANDARD = "gnu++0x";
				CLANG_CXX_LIBRARY = "libc++";
				CLANG_ENABLE_MODULES = YES;
				CLANG_ENABLE_OBJC_ARC = YES;
				CLANG_WARN_BOOL_CONVERSION = YES;
				CLANG_WARN_CONSTANT_CONVERSION = YES;
				CLANG_WARN_DIRECT_OBJC_ISA_USAGE = YES_ERROR;
				CLANG_WARN_DOCUMENTATION_COMMENTS = YES;
				CLANG_WARN_EMPTY_BODY = YES;
				CLANG_WARN_ENUM_CONVERSION = YES;
				CLANG_WARN_INFINITE_RECURSION = YES;
				CLANG_WARN_INT_CONVERSION = YES;
				CLANG_WARN_OBJC_ROOT_CLASS = YES_ERROR;
				CLANG_WARN_SUSPICIOUS_MOVE = YES;
				CLANG_WARN_SUSPICIOUS_MOVES = YES;
				CLANG_WARN_UNREACHABLE_CODE = YES;
				CLANG_WARN__DUPLICATE_METHOD_MATCH = YES;
				"CODE_SIGN_IDENTITY[sdk=iphoneos*]" = "iPhone Developer";
				COPY_PHASE_STRIP = NO;
				DEBUG_INFORMATION_FORMAT = dwarf;
				ENABLE_STRICT_OBJC_MSGSEND = YES;
				ENABLE_TESTABILITY = YES;
				GCC_C_LANGUAGE_STANDARD = gnu99;
				GCC_DYNAMIC_NO_PIC = NO;
				GCC_NO_COMMON_BLOCKS = YES;
				GCC_OPTIMIZATION_LEVEL = 0;
				GCC_PREPROCESSOR_DEFINITIONS = (
					"DEBUG=1",
					"$(inherited)",
				);
				GCC_WARN_64_TO_32_BIT_CONVERSION = YES;
				GCC_WARN_ABOUT_RETURN_TYPE = YES_ERROR;
				GCC_WARN_UNDECLARED_SELECTOR = YES;
				GCC_WARN_UNINITIALIZED_AUTOS = YES_AGGRESSIVE;
				GCC_WARN_UNUSED_FUNCTION = YES;
				GCC_WARN_UNUSED_VARIABLE = YES;
				IPHONEOS_DEPLOYMENT_TARGET = 10.1;
				MTL_ENABLE_DEBUG_INFO = YES;
				ONLY_ACTIVE_ARCH = YES;
				SDKROOT = iphoneos;
				TARGETED_DEVICE_FAMILY = "1,2";
			};
			name = Debug;
		};
		51DACB1C1E4866AF00B27D61 /* Release */ = {
			isa = XCBuildConfiguration;
			buildSettings = {
				ALWAYS_SEARCH_USER_PATHS = NO;
				CLANG_ANALYZER_NONNULL = YES;
				CLANG_CXX_LANGUAGE_STANDARD = "gnu++0x";
				CLANG_CXX_LIBRARY = "libc++";
				CLANG_ENABLE_MODULES = YES;
				CLANG_ENABLE_OBJC_ARC = YES;
				CLANG_WARN_BOOL_CONVERSION = YES;
				CLANG_WARN_CONSTANT_CONVERSION = YES;
				CLANG_WARN_DIRECT_OBJC_ISA_USAGE = YES_ERROR;
				CLANG_WARN_DOCUMENTATION_COMMENTS = YES;
				CLANG_WARN_EMPTY_BODY = YES;
				CLANG_WARN_ENUM_CONVERSION = YES;
				CLANG_WARN_INFINITE_RECURSION = YES;
				CLANG_WARN_INT_CONVERSION = YES;
				CLANG_WARN_OBJC_ROOT_CLASS = YES_ERROR;
				CLANG_WARN_SUSPICIOUS_MOVE = YES;
				CLANG_WARN_SUSPICIOUS_MOVES = YES;
				CLANG_WARN_UNREACHABLE_CODE = YES;
				CLANG_WARN__DUPLICATE_METHOD_MATCH = YES;
				"CODE_SIGN_IDENTITY[sdk=iphoneos*]" = "iPhone Developer";
				COPY_PHASE_STRIP = NO;
				DEBUG_INFORMATION_FORMAT = "dwarf-with-dsym";
				ENABLE_NS_ASSERTIONS = NO;
				ENABLE_STRICT_OBJC_MSGSEND = YES;
				GCC_C_LANGUAGE_STANDARD = gnu99;
				GCC_NO_COMMON_BLOCKS = YES;
				GCC_WARN_64_TO_32_BIT_CONVERSION = YES;
				GCC_WARN_ABOUT_RETURN_TYPE = YES_ERROR;
				GCC_WARN_UNDECLARED_SELECTOR = YES;
				GCC_WARN_UNINITIALIZED_AUTOS = YES_AGGRESSIVE;
				GCC_WARN_UNUSED_FUNCTION = YES;
				GCC_WARN_UNUSED_VARIABLE = YES;
				IPHONEOS_DEPLOYMENT_TARGET = 10.1;
				MTL_ENABLE_DEBUG_INFO = NO;
				SDKROOT = iphoneos;
				TARGETED_DEVICE_FAMILY = "1,2";
				VALIDATE_PRODUCT = YES;
			};
			name = Release;
		};
		51DACB1E1E4866AF00B27D61 /* Debug */ = {
			isa = XCBuildConfiguration;
			buildSettings = {
				ASSETCATALOG_COMPILER_APPICON_NAME = AppIcon;
				INFOPLIST_FILE = SelectoTest/Info.plist;
				LD_RUNPATH_SEARCH_PATHS = "$(inherited) @executable_path/Frameworks";
				PRODUCT_BUNDLE_IDENTIFIER = os.RomanOsiychuk.SelectoTest;
				PRODUCT_NAME = "$(TARGET_NAME)";
			};
			name = Debug;
		};
		51DACB1F1E4866AF00B27D61 /* Release */ = {
			isa = XCBuildConfiguration;
			buildSettings = {
				ASSETCATALOG_COMPILER_APPICON_NAME = AppIcon;
				INFOPLIST_FILE = SelectoTest/Info.plist;
				LD_RUNPATH_SEARCH_PATHS = "$(inherited) @executable_path/Frameworks";
				PRODUCT_BUNDLE_IDENTIFIER = os.RomanOsiychuk.SelectoTest;
				PRODUCT_NAME = "$(TARGET_NAME)";
			};
			name = Release;
		};
/* End XCBuildConfiguration section */

/* Begin XCConfigurationList section */
		51DACB011E4866AF00B27D61 /* Build configuration list for PBXProject "SelectoTest" */ = {
			isa = XCConfigurationList;
			buildConfigurations = (
				51DACB1B1E4866AF00B27D61 /* Debug */,
				51DACB1C1E4866AF00B27D61 /* Release */,
			);
			defaultConfigurationIsVisible = 0;
			defaultConfigurationName = Release;
		};
		51DACB1D1E4866AF00B27D61 /* Build configuration list for PBXNativeTarget "SelectoTest" */ = {
			isa = XCConfigurationList;
			buildConfigurations = (
				51DACB1E1E4866AF00B27D61 /* Debug */,
				51DACB1F1E4866AF00B27D61 /* Release */,
			);
			defaultConfigurationIsVisible = 0;
			defaultConfigurationName = Release;
		};
/* End XCConfigurationList section */
	};
	rootObject = 51DACAFE1E4866AF00B27D61 /* Project object */;
}
